
Microsoft Visual Studio Solution File, Format Version 12.00
# Visual Studio Version 16
VisualStudioVersion = 16.0.30717.126
MinimumVisualStudioVersion = 10.0.40219.1
Project("{FAE04EC0-301F-11D3-BF4B-00C04F79EFBC}") = "Tech_Newsletter_App", "Tech_Newsletter_App\Tech_Newsletter_App.csproj", "{63BC1CE4-2721-49BD-B012-488D83E12ECE}"
EndProject
Project("{2150E333-8FDC-42A3-9474-1A3956D46DE8}") = "Solution Items", "Solution Items", "{59DF0823-7C19-44F8-951B-2195C872A6A7}"
	ProjectSection(SolutionItems) = preProject
		.editorconfig = .editorconfig
	EndProjectSection
EndProject
Global
	GlobalSection(SolutionConfigurationPlatforms) = preSolution
		Debug|Any CPU = Debug|Any CPU
		Release|Any CPU = Release|Any CPU
	EndGlobalSection
	GlobalSection(ProjectConfigurationPlatforms) = postSolution
		{63BC1CE4-2721-49BD-B012-488D83E12ECE}.Debug|Any CPU.ActiveCfg = Debug|Any CPU
		{63BC1CE4-2721-49BD-B012-488D83E12ECE}.Debug|Any CPU.Build.0 = Debug|Any CPU
		{63BC1CE4-2721-49BD-B012-488D83E12ECE}.Release|Any CPU.ActiveCfg = Release|Any CPU
		{63BC1CE4-2721-49BD-B012-488D83E12ECE}.Release|Any CPU.Build.0 = Release|Any CPU
	EndGlobalSection
	GlobalSection(SolutionProperties) = preSolution
		HideSolutionNode = FALSE
	EndGlobalSection
	GlobalSection(ExtensibilityGlobals) = postSolution
		SolutionGuid = {58D8A506-E043-4E2C-BFC1-28E3C1F9E441}
	EndGlobalSection
EndGlobal
